
Microsoft Visual Studio Solution File, Format Version 11.00
# Visual Studio 2010
Project("{E24C65DC-7377-472B-9ABA-BC803B73C61A}") = "CompositaeWebService", "CompositaeWebService", "{AD89C9DA-5DF9-4D92-B926-7D7989FBC390}"
	ProjectSection(WebsiteProperties) = preProject
		SccProjectName = ""
		SccAuxPath = ""
		SccLocalPath = ""
		SccProvider = ""
		TargetFrameworkMoniker = ".NETFramework,Version%3Dv2.0"
		ProjectReferences = "{AACE685C-4CD0-4708-BF8C-C961E091E391}|DataAccess.dll;"
		Debug.AspNetCompiler.VirtualPath = "/CompositaeWebService"
		Debug.AspNetCompiler.PhysicalPath = "CompositaeWebService\"
		Debug.AspNetCompiler.TargetPath = "PrecompiledWeb\CompositaeWebService\"
		Debug.AspNetCompiler.Updateable = "true"
		Debug.AspNetCompiler.ForceOverwrite = "true"
		Debug.AspNetCompiler.FixedNames = "false"
		Debug.AspNetCompiler.Debug = "True"
		Release.AspNetCompiler.VirtualPath = "/CompositaeWebService"
		Release.AspNetCompiler.PhysicalPath = "CompositaeWebService\"
		Release.AspNetCompiler.TargetPath = "PrecompiledWeb\CompositaeWebService\"
		Release.AspNetCompiler.Updateable = "true"
		Release.AspNetCompiler.ForceOverwrite = "true"
		Release.AspNetCompiler.FixedNames = "false"
		Release.AspNetCompiler.Debug = "False"
		VWDPort = "2723"
	EndProjectSection
EndProject
Project("{F184B08F-C81C-45F6-A57F-5ABD9991F28F}") = "CompositaeLSID", "CompositaeLSID\CompositaeLSID.vbproj", "{E7EB84D6-85FF-4D11-A584-42F8788FBC26}"
EndProject
Project("{F184B08F-C81C-45F6-A57F-5ABD9991F28F}") = "WebDataAccess", "WebDataAccess\WebDataAccess.vbproj", "{AACE685C-4CD0-4708-BF8C-C961E091E391}"
EndProject
Project("{F184B08F-C81C-45F6-A57F-5ABD9991F28F}") = "TestWebService", "TestWebService\TestWebService.vbproj", "{43D3E116-E015-4CEA-88D0-1E092FD7292F}"
EndProject
Global
	GlobalSection(SolutionConfigurationPlatforms) = preSolution
		Debug|.NET = Debug|.NET
		Debug|Any CPU = Debug|Any CPU
		Debug|Mixed Platforms = Debug|Mixed Platforms
		Release|.NET = Release|.NET
		Release|Any CPU = Release|Any CPU
		Release|Mixed Platforms = Release|Mixed Platforms
	EndGlobalSection
	GlobalSection(ProjectConfigurationPlatforms) = postSolution
		{AD89C9DA-5DF9-4D92-B926-7D7989FBC390}.Debug|.NET.ActiveCfg = Debug|Any CPU
		{AD89C9DA-5DF9-4D92-B926-7D7989FBC390}.Debug|Any CPU.ActiveCfg = Debug|Any CPU
		{AD89C9DA-5DF9-4D92-B926-7D7989FBC390}.Debug|Any CPU.Build.0 = Debug|Any CPU
		{AD89C9DA-5DF9-4D92-B926-7D7989FBC390}.Debug|Mixed Platforms.ActiveCfg = Debug|Any CPU
		{AD89C9DA-5DF9-4D92-B926-7D7989FBC390}.Debug|Mixed Platforms.Build.0 = Debug|Any CPU
		{AD89C9DA-5DF9-4D92-B926-7D7989FBC390}.Release|.NET.ActiveCfg = Debug|Any CPU
		{AD89C9DA-5DF9-4D92-B926-7D7989FBC390}.Release|Any CPU.ActiveCfg = Debug|Any CPU
		{AD89C9DA-5DF9-4D92-B926-7D7989FBC390}.Release|Any CPU.Build.0 = Debug|Any CPU
		{AD89C9DA-5DF9-4D92-B926-7D7989FBC390}.Release|Mixed Platforms.ActiveCfg = Debug|Any CPU
		{AD89C9DA-5DF9-4D92-B926-7D7989FBC390}.Release|Mixed Platforms.Build.0 = Debug|Any CPU
		{E7EB84D6-85FF-4D11-A584-42F8788FBC26}.Debug|.NET.ActiveCfg = Debug|Any CPU
		{E7EB84D6-85FF-4D11-A584-42F8788FBC26}.Debug|Any CPU.ActiveCfg = Debug|Any CPU
		{E7EB84D6-85FF-4D11-A584-42F8788FBC26}.Debug|Any CPU.Build.0 = Debug|Any CPU
		{E7EB84D6-85FF-4D11-A584-42F8788FBC26}.Debug|Mixed Platforms.ActiveCfg = Debug|Any CPU
		{E7EB84D6-85FF-4D11-A584-42F8788FBC26}.Debug|Mixed Platforms.Build.0 = Debug|Any CPU
		{E7EB84D6-85FF-4D11-A584-42F8788FBC26}.Release|.NET.ActiveCfg = Release|Any CPU
		{E7EB84D6-85FF-4D11-A584-42F8788FBC26}.Release|Any CPU.ActiveCfg = Release|Any CPU
		{E7EB84D6-85FF-4D11-A584-42F8788FBC26}.Release|Any CPU.Build.0 = Release|Any CPU
		{E7EB84D6-85FF-4D11-A584-42F8788FBC26}.Release|Mixed Platforms.ActiveCfg = Release|Any CPU
		{E7EB84D6-85FF-4D11-A584-42F8788FBC26}.Release|Mixed Platforms.Build.0 = Release|Any CPU
		{AACE685C-4CD0-4708-BF8C-C961E091E391}.Debug|.NET.ActiveCfg = Debug|Any CPU
		{AACE685C-4CD0-4708-BF8C-C961E091E391}.Debug|Any CPU.ActiveCfg = Debug|Any CPU
		{AACE685C-4CD0-4708-BF8C-C961E091E391}.Debug|Any CPU.Build.0 = Debug|Any CPU
		{AACE685C-4CD0-4708-BF8C-C961E091E391}.Debug|Mixed Platforms.ActiveCfg = Debug|Any CPU
		{AACE685C-4CD0-4708-BF8C-C961E091E391}.Debug|Mixed Platforms.Build.0 = Debug|Any CPU
		{AACE685C-4CD0-4708-BF8C-C961E091E391}.Release|.NET.ActiveCfg = Release|Any CPU
		{AACE685C-4CD0-4708-BF8C-C961E091E391}.Release|Any CPU.ActiveCfg = Release|Any CPU
		{AACE685C-4CD0-4708-BF8C-C961E091E391}.Release|Any CPU.Build.0 = Release|Any CPU
		{AACE685C-4CD0-4708-BF8C-C961E091E391}.Release|Mixed Platforms.ActiveCfg = Release|Any CPU
		{AACE685C-4CD0-4708-BF8C-C961E091E391}.Release|Mixed Platforms.Build.0 = Release|Any CPU
		{43D3E116-E015-4CEA-88D0-1E092FD7292F}.Debug|.NET.ActiveCfg = Debug|Any CPU
		{43D3E116-E015-4CEA-88D0-1E092FD7292F}.Debug|Any CPU.ActiveCfg = Debug|Any CPU
		{43D3E116-E015-4CEA-88D0-1E092FD7292F}.Debug|Any CPU.Build.0 = Debug|Any CPU
		{43D3E116-E015-4CEA-88D0-1E092FD7292F}.Debug|Mixed Platforms.ActiveCfg = Debug|Any CPU
		{43D3E116-E015-4CEA-88D0-1E092FD7292F}.Debug|Mixed Platforms.Build.0 = Debug|Any CPU
		{43D3E116-E015-4CEA-88D0-1E092FD7292F}.Release|.NET.ActiveCfg = Release|Any CPU
		{43D3E116-E015-4CEA-88D0-1E092FD7292F}.Release|Any CPU.ActiveCfg = Release|Any CPU
		{43D3E116-E015-4CEA-88D0-1E092FD7292F}.Release|Any CPU.Build.0 = Release|Any CPU
		{43D3E116-E015-4CEA-88D0-1E092FD7292F}.Release|Mixed Platforms.ActiveCfg = Release|Any CPU
		{43D3E116-E015-4CEA-88D0-1E092FD7292F}.Release|Mixed Platforms.Build.0 = Release|Any CPU
	EndGlobalSection
	GlobalSection(SolutionProperties) = preSolution
		HideSolutionNode = FALSE
	EndGlobalSection
EndGlobal
